{
  "version": 4,
  "terraform_version": "1.10.4",
  "serial": 30,
  "lineage": "68c19289-3223-254a-e8f3-e9bb1495528a",
  "outputs": {},
  "resources": [
    {
      "module": "module.compute_instance",
      "mode": "managed",
      "type": "google_compute_instance_template",
      "name": "instance_template",
      "provider": "provider[\"registry.terraform.io/hashicorp/google\"]",
      "instances": [
        {
          "schema_version": 1,
          "attributes": {
            "advanced_machine_features": [],
            "can_ip_forward": false,
            "confidential_instance_config": null,
            "creation_timestamp": "2025-02-05T09:21:50.304-08:00",
            "description": "",
            "disk": [
              {
                "auto_delete": true,
                "boot": true,
                "device_name": "persistent-disk-0",
                "disk_encryption_key": [],
                "disk_name": "",
                "disk_size_gb": 0,
                "disk_type": "pd-standard",
                "interface": "SCSI",
                "labels": null,
                "mode": "READ_WRITE",
                "provisioned_iops": 0,
                "provisioned_throughput": 0,
                "resource_manager_tags": null,
                "resource_policies": null,
                "source": "",
                "source_image": "projects/debian-cloud/global/images/family/debian-12",
                "source_image_encryption_key": [],
                "source_snapshot": "",
                "source_snapshot_encryption_key": [],
                "type": "PERSISTENT"
              }
            ],
            "effective_labels": {
              "goog-terraform-provisioned": "true"
            },
            "guest_accelerator": [],
            "id": "projects/terraform-chany-wexelshtein/global/instanceTemplates/prod-chany-instance-template",
            "instance_description": "",
            "key_revocation_action_type": "",
            "labels": null,
            "machine_type": "e2-medium",
            "metadata": null,
            "metadata_fingerprint": "nQ1Gy6rC11U=",
            "metadata_startup_script": "#!/bin/bash\n# Update package lists\nsudo apt-get update -y\n\n# Retry update if necessary\nif [ $? -ne 0 ]; then\n  sudo apt-get update --fix-missing -y\nfi\n\n# Install Nginx\nsudo apt-get install -y nginx\n\n# Create the required directory for the web content\nsudo mkdir -p /var/www/html\n\n# Write \"Hello World\" to the index.html file\necho \"Hello World\" | sudo tee /var/www/html/index.html\n\n# Restart Nginx to apply changes\nsudo systemctl restart nginx\n",
            "min_cpu_platform": "",
            "name": "prod-chany-instance-template",
            "name_prefix": null,
            "network_interface": [
              {
                "access_config": [
                  {
                    "nat_ip": "",
                    "network_tier": "PREMIUM",
                    "public_ptr_domain_name": ""
                  }
                ],
                "alias_ip_range": [],
                "internal_ipv6_prefix_length": 0,
                "ipv6_access_config": [],
                "ipv6_access_type": "",
                "ipv6_address": "",
                "name": "nic0",
                "network": "https://www.googleapis.com/compute/v1/projects/terraform-chany-wexelshtein/global/networks/default",
                "network_ip": "",
                "nic_type": "",
                "queue_count": 0,
                "stack_type": "",
                "subnetwork": "",
                "subnetwork_project": ""
              }
            ],
            "network_performance_config": [],
            "project": "terraform-chany-wexelshtein",
            "region": null,
            "reservation_affinity": [],
            "resource_manager_tags": null,
            "resource_policies": null,
            "scheduling": [
              {
                "automatic_restart": true,
                "availability_domain": 0,
                "instance_termination_action": "",
                "local_ssd_recovery_timeout": [],
                "max_run_duration": [],
                "min_node_cpus": 0,
                "node_affinities": [],
                "on_host_maintenance": "MIGRATE",
                "on_instance_stop_action": [],
                "preemptible": false,
                "provisioning_model": "STANDARD"
              }
            ],
            "self_link": "https://www.googleapis.com/compute/v1/projects/terraform-chany-wexelshtein/global/instanceTemplates/prod-chany-instance-template",
            "self_link_unique": "https://www.googleapis.com/compute/v1/projects/terraform-chany-wexelshtein/global/instanceTemplates/prod-chany-instance-template?uniqueId=7851252309556076737",
            "service_account": [],
            "shielded_instance_config": [],
            "tags": [
              "health-check-tag"
            ],
            "tags_fingerprint": "",
            "terraform_labels": {
              "goog-terraform-provisioned": "true"
            },
            "timeouts": null
          },
          "sensitive_attributes": [],
          "private": "eyJlMmJmYjczMC1lY2FhLTExZTYtOGY4OC0zNDM2M2JjN2M0YzAiOnsiY3JlYXRlIjoyNDAwMDAwMDAwMDAsImRlbGV0ZSI6MjQwMDAwMDAwMDAwfSwic2NoZW1hX3ZlcnNpb24iOiIxIn0="
        }
      ]
    },
    {
      "module": "module.mig_autoscaler",
      "mode": "managed",
      "type": "google_compute_firewall",
      "name": "allow_health_check",
      "provider": "provider[\"registry.terraform.io/hashicorp/google\"]",
      "instances": [
        {
          "schema_version": 1,
          "attributes": {
            "allow": [
              {
                "ports": [
                  "80",
                  "443"
                ],
                "protocol": "tcp"
              }
            ],
            "creation_timestamp": "2025-02-05T09:21:50.242-08:00",
            "deny": [],
            "description": "",
            "destination_ranges": [],
            "direction": "INGRESS",
            "disabled": false,
            "enable_logging": null,
            "id": "projects/terraform-chany-wexelshtein/global/firewalls/prodallow-health-checks",
            "log_config": [],
            "name": "prodallow-health-checks",
            "network": "https://www.googleapis.com/compute/v1/projects/terraform-chany-wexelshtein/global/networks/default",
            "priority": 1000,
            "project": "terraform-chany-wexelshtein",
            "self_link": "https://www.googleapis.com/compute/v1/projects/terraform-chany-wexelshtein/global/firewalls/prodallow-health-checks",
            "source_ranges": [
              "130.211.0.0/22",
              "35.191.0.0/16"
            ],
            "source_service_accounts": null,
            "source_tags": null,
            "target_service_accounts": null,
            "target_tags": [
              "health-check-tag"
            ],
            "timeouts": null
          },
          "sensitive_attributes": [],
          "private": "eyJlMmJmYjczMC1lY2FhLTExZTYtOGY4OC0zNDM2M2JjN2M0YzAiOnsiY3JlYXRlIjoxMjAwMDAwMDAwMDAwLCJkZWxldGUiOjEyMDAwMDAwMDAwMDAsInVwZGF0ZSI6MTIwMDAwMDAwMDAwMH0sInNjaGVtYV92ZXJzaW9uIjoiMSJ9"
        }
      ]
    },
    {
      "module": "module.mig_autoscaler",
      "mode": "managed",
      "type": "google_compute_firewall",
      "name": "deny_all_inbound",
      "provider": "provider[\"registry.terraform.io/hashicorp/google\"]",
      "instances": [
        {
          "schema_version": 1,
          "attributes": {
            "allow": [],
            "creation_timestamp": "2025-02-05T09:21:50.259-08:00",
            "deny": [
              {
                "ports": [],
                "protocol": "all"
              }
            ],
            "description": "",
            "destination_ranges": [],
            "direction": "INGRESS",
            "disabled": false,
            "enable_logging": null,
            "id": "projects/terraform-chany-wexelshtein/global/firewalls/proddeny-all-inbound",
            "log_config": [],
            "name": "proddeny-all-inbound",
            "network": "https://www.googleapis.com/compute/v1/projects/terraform-chany-wexelshtein/global/networks/default",
            "priority": 65535,
            "project": "terraform-chany-wexelshtein",
            "self_link": "https://www.googleapis.com/compute/v1/projects/terraform-chany-wexelshtein/global/firewalls/proddeny-all-inbound",
            "source_ranges": [
              "0.0.0.0/0"
            ],
            "source_service_accounts": null,
            "source_tags": null,
            "target_service_accounts": null,
            "target_tags": [
              "health-check-tag"
            ],
            "timeouts": null
          },
          "sensitive_attributes": [],
          "private": "eyJlMmJmYjczMC1lY2FhLTExZTYtOGY4OC0zNDM2M2JjN2M0YzAiOnsiY3JlYXRlIjoxMjAwMDAwMDAwMDAwLCJkZWxldGUiOjEyMDAwMDAwMDAwMDAsInVwZGF0ZSI6MTIwMDAwMDAwMDAwMH0sInNjaGVtYV92ZXJzaW9uIjoiMSJ9"
        }
      ]
    },
    {
      "module": "module.mig_autoscaler",
      "mode": "managed",
      "type": "google_compute_region_autoscaler",
      "name": "autoscaler",
      "provider": "provider[\"registry.terraform.io/hashicorp/google\"]",
      "instances": [
        {
          "schema_version": 0,
          "attributes": {
            "autoscaling_policy": [
              {
                "cooldown_period": 60,
                "cpu_utilization": [
                  {
                    "predictive_method": "NONE",
                    "target": 0.6
                  }
                ],
                "load_balancing_utilization": [],
                "max_replicas": 5,
                "metric": [],
                "min_replicas": 2,
                "mode": "ON",
                "scale_in_control": [],
                "scaling_schedules": []
              }
            ],
            "creation_timestamp": "2025-02-05T09:22:33.964-08:00",
            "description": "",
            "id": "projects/terraform-chany-wexelshtein/regions/me-west1/autoscalers/prod-chany-autoscaler",
            "name": "prod-chany-autoscaler",
            "project": "terraform-chany-wexelshtein",
            "region": "me-west1",
            "self_link": "https://www.googleapis.com/compute/v1/projects/terraform-chany-wexelshtein/regions/me-west1/autoscalers/prod-chany-autoscaler",
            "target": "https://www.googleapis.com/compute/v1/projects/terraform-chany-wexelshtein/regions/me-west1/instanceGroupManagers/prod-chany-mig",
            "timeouts": null
          },
          "sensitive_attributes": [],
          "private": "eyJlMmJmYjczMC1lY2FhLTExZTYtOGY4OC0zNDM2M2JjN2M0YzAiOnsiY3JlYXRlIjoxMjAwMDAwMDAwMDAwLCJkZWxldGUiOjEyMDAwMDAwMDAwMDAsInVwZGF0ZSI6MTIwMDAwMDAwMDAwMH19",
          "dependencies": [
            "module.compute_instance.google_compute_instance_template.instance_template",
            "module.mig_autoscaler.google_compute_region_health_check.health_check",
            "module.mig_autoscaler.google_compute_region_instance_group_manager.mig"
          ]
        }
      ]
    },
    {
      "module": "module.mig_autoscaler",
      "mode": "managed",
      "type": "google_compute_region_health_check",
      "name": "health_check",
      "provider": "provider[\"registry.terraform.io/hashicorp/google\"]",
      "instances": [
        {
          "schema_version": 0,
          "attributes": {
            "check_interval_sec": 10,
            "creation_timestamp": "2025-02-05T09:21:50.161-08:00",
            "description": "",
            "grpc_health_check": [],
            "health_check_id": 1395591630996512961,
            "healthy_threshold": 2,
            "http2_health_check": [],
            "http_health_check": [
              {
                "host": "",
                "port": 80,
                "port_name": "",
                "port_specification": "",
                "proxy_header": "NONE",
                "request_path": "/",
                "response": ""
              }
            ],
            "https_health_check": [],
            "id": "projects/terraform-chany-wexelshtein/regions/me-west1/healthChecks/prod-chany-health-check",
            "log_config": [
              {
                "enable": false
              }
            ],
            "name": "prod-chany-health-check",
            "project": "terraform-chany-wexelshtein",
            "region": "me-west1",
            "self_link": "https://www.googleapis.com/compute/v1/projects/terraform-chany-wexelshtein/regions/me-west1/healthChecks/prod-chany-health-check",
            "ssl_health_check": [],
            "tcp_health_check": [],
            "timeout_sec": 5,
            "timeouts": null,
            "type": "HTTP",
            "unhealthy_threshold": 2
          },
          "sensitive_attributes": [],
          "private": "eyJlMmJmYjczMC1lY2FhLTExZTYtOGY4OC0zNDM2M2JjN2M0YzAiOnsiY3JlYXRlIjoxMjAwMDAwMDAwMDAwLCJkZWxldGUiOjEyMDAwMDAwMDAwMDAsInVwZGF0ZSI6MTIwMDAwMDAwMDAwMH19"
        }
      ]
    },
    {
      "module": "module.mig_autoscaler",
      "mode": "managed",
      "type": "google_compute_region_instance_group_manager",
      "name": "mig",
      "provider": "provider[\"registry.terraform.io/hashicorp/google\"]",
      "instances": [
        {
          "schema_version": 0,
          "attributes": {
            "all_instances_config": [],
            "auto_healing_policies": [
              {
                "health_check": "https://www.googleapis.com/compute/v1/projects/terraform-chany-wexelshtein/regions/me-west1/healthChecks/prod-chany-health-check",
                "initial_delay_sec": 300
              }
            ],
            "base_instance_name": "prod-chany-instance",
            "creation_timestamp": "2025-02-05T09:22:02.734-08:00",
            "description": "",
            "distribution_policy_target_shape": "EVEN",
            "distribution_policy_zones": [
              "me-west1-a",
              "me-west1-b"
            ],
            "fingerprint": "mWPnjIgc7yQ=",
            "id": "projects/terraform-chany-wexelshtein/regions/me-west1/instanceGroupManagers/prod-chany-mig",
            "instance_flexibility_policy": [],
            "instance_group": "https://www.googleapis.com/compute/v1/projects/terraform-chany-wexelshtein/regions/me-west1/instanceGroups/prod-chany-mig",
            "instance_group_manager_id": 4419734475555872981,
            "instance_lifecycle_policy": [
              {
                "default_action_on_failure": "REPAIR",
                "force_update_on_repair": "NO"
              }
            ],
            "list_managed_instances_results": "PAGELESS",
            "name": "prod-chany-mig",
            "named_port": [],
            "project": "terraform-chany-wexelshtein",
            "region": "me-west1",
            "self_link": "https://www.googleapis.com/compute/v1/projects/terraform-chany-wexelshtein/regions/me-west1/instanceGroupManagers/prod-chany-mig",
            "standby_policy": [
              {
                "initial_delay_sec": 0,
                "mode": "MANUAL"
              }
            ],
            "stateful_disk": [],
            "stateful_external_ip": [],
            "stateful_internal_ip": [],
            "status": [
              {
                "all_instances_config": [
                  {
                    "current_revision": "",
                    "effective": true
                  }
                ],
                "is_stable": true,
                "stateful": [
                  {
                    "has_stateful_config": false,
                    "per_instance_configs": [
                      {
                        "all_effective": true
                      }
                    ]
                  }
                ],
                "version_target": [
                  {
                    "is_reached": true
                  }
                ]
              }
            ],
            "target_pools": null,
            "target_size": 0,
            "target_stopped_size": 0,
            "target_suspended_size": 0,
            "timeouts": null,
            "update_policy": [
              {
                "instance_redistribution_type": "PROACTIVE",
                "max_surge_fixed": 2,
                "max_surge_percent": 0,
                "max_unavailable_fixed": 2,
                "max_unavailable_percent": 0,
                "minimal_action": "REPLACE",
                "most_disruptive_allowed_action": "",
                "replacement_method": "SUBSTITUTE",
                "type": "OPPORTUNISTIC"
              }
            ],
            "version": [
              {
                "instance_template": "https://www.googleapis.com/compute/v1/projects/terraform-chany-wexelshtein/global/instanceTemplates/prod-chany-instance-template",
                "name": "version-1",
                "target_size": []
              }
            ],
            "wait_for_instances": false,
            "wait_for_instances_status": "STABLE"
          },
          "sensitive_attributes": [],
          "private": "eyJlMmJmYjczMC1lY2FhLTExZTYtOGY4OC0zNDM2M2JjN2M0YzAiOnsiY3JlYXRlIjo5MDAwMDAwMDAwMDAsImRlbGV0ZSI6OTAwMDAwMDAwMDAwLCJ1cGRhdGUiOjkwMDAwMDAwMDAwMH19",
          "dependencies": [
            "module.compute_instance.google_compute_instance_template.instance_template",
            "module.mig_autoscaler.google_compute_region_health_check.health_check"
          ]
        }
      ]
    }
  ],
  "check_results": null
}
